
Microsoft Visual Studio Solution File, Format Version 12.00
# Visual Studio Version 16
VisualStudioVersion = 16.0.30717.126
MinimumVisualStudioVersion = 10.0.40219.1
Project("{FAE04EC0-301F-11D3-BF4B-00C04F79EFBC}") = "ConsoleApp1", "ConsoleApp1\ConsoleApp1.csproj", "{B23FAAF0-33EC-471C-923B-F123E5C16B09}"
EndProject
Global
	GlobalSection(SolutionConfigurationPlatforms) = preSolution
		Debug|Any CPU = Debug|Any CPU
		Release|Any CPU = Release|Any CPU
	EndGlobalSection
	GlobalSection(ProjectConfigurationPlatforms) = postSolution
		{B23FAAF0-33EC-471C-923B-F123E5C16B09}.Debug|Any CPU.ActiveCfg = Debug|Any CPU
		{B23FAAF0-33EC-471C-923B-F123E5C16B09}.Debug|Any CPU.Build.0 = Debug|Any CPU
		{B23FAAF0-33EC-471C-923B-F123E5C16B09}.Release|Any CPU.ActiveCfg = Release|Any CPU
		{B23FAAF0-33EC-471C-923B-F123E5C16B09}.Release|Any CPU.Build.0 = Release|Any CPU
	EndGlobalSection
	GlobalSection(SolutionProperties) = preSolution
		HideSolutionNode = FALSE
	EndGlobalSection
	GlobalSection(ExtensibilityGlobals) = postSolution
		SolutionGuid = {2233D893-D16C-4C5B-BF5D-C31FF4EE15F0}
	EndGlobalSection
EndGlobal
